
Microsoft Visual Studio Solution File, Format Version 12.00
# Visual Studio Version 17
VisualStudioVersion = 17.5.33530.505
MinimumVisualStudioVersion = 10.0.40219.1
Project("{FAE04EC0-301F-11D3-BF4B-00C04F79EFBC}") = "WebCrawler", "WebCrawler\WebCrawler.csproj", "{786FC0BC-B67E-4043-89CF-6E71BC1B38DF}"
EndProject
Global
	GlobalSection(SolutionConfigurationPlatforms) = preSolution
		Debug|Any CPU = Debug|Any CPU
		Release|Any CPU = Release|Any CPU
	EndGlobalSection
	GlobalSection(ProjectConfigurationPlatforms) = postSolution
		{786FC0BC-B67E-4043-89CF-6E71BC1B38DF}.Debug|Any CPU.ActiveCfg = Debug|Any CPU
		{786FC0BC-B67E-4043-89CF-6E71BC1B38DF}.Debug|Any CPU.Build.0 = Debug|Any CPU
		{786FC0BC-B67E-4043-89CF-6E71BC1B38DF}.Release|Any CPU.ActiveCfg = Release|Any CPU
		{786FC0BC-B67E-4043-89CF-6E71BC1B38DF}.Release|Any CPU.Build.0 = Release|Any CPU
	EndGlobalSection
	GlobalSection(SolutionProperties) = preSolution
		HideSolutionNode = FALSE
	EndGlobalSection
	GlobalSection(ExtensibilityGlobals) = postSolution
		SolutionGuid = {A64FC97D-2CA4-443C-941E-47FDB79741AA}
	EndGlobalSection
EndGlobal
